
Microsoft Visual Studio Solution File, Format Version 12.00
# Visual Studio Version 16
VisualStudioVersion = 16.0.31410.357
MinimumVisualStudioVersion = 10.0.40219.1
Project("{FAE04EC0-301F-11D3-BF4B-00C04F79EFBC}") = "nmvm", "nmvm\nmvm.csproj", "{BAC48743-D57A-4459-965D-1A7A3E5E59A6}"
EndProject
Project("{00D1A9C2-B5F0-4AF3-8072-F6C62B433612}") = "nvmcd_database", "nvmcd_database\nvmcd_database.sqlproj", "{8F42A750-DF07-4A0D-B28D-838BA1C98F58}"
EndProject
Global
	GlobalSection(SolutionConfigurationPlatforms) = preSolution
		Debug|Any CPU = Debug|Any CPU
		Release|Any CPU = Release|Any CPU
	EndGlobalSection
	GlobalSection(ProjectConfigurationPlatforms) = postSolution
		{BAC48743-D57A-4459-965D-1A7A3E5E59A6}.Debug|Any CPU.ActiveCfg = Debug|Any CPU
		{BAC48743-D57A-4459-965D-1A7A3E5E59A6}.Debug|Any CPU.Build.0 = Debug|Any CPU
		{BAC48743-D57A-4459-965D-1A7A3E5E59A6}.Release|Any CPU.ActiveCfg = Release|Any CPU
		{BAC48743-D57A-4459-965D-1A7A3E5E59A6}.Release|Any CPU.Build.0 = Release|Any CPU
		{8F42A750-DF07-4A0D-B28D-838BA1C98F58}.Debug|Any CPU.ActiveCfg = Debug|Any CPU
		{8F42A750-DF07-4A0D-B28D-838BA1C98F58}.Debug|Any CPU.Build.0 = Debug|Any CPU
		{8F42A750-DF07-4A0D-B28D-838BA1C98F58}.Debug|Any CPU.Deploy.0 = Debug|Any CPU
		{8F42A750-DF07-4A0D-B28D-838BA1C98F58}.Release|Any CPU.ActiveCfg = Release|Any CPU
		{8F42A750-DF07-4A0D-B28D-838BA1C98F58}.Release|Any CPU.Build.0 = Release|Any CPU
		{8F42A750-DF07-4A0D-B28D-838BA1C98F58}.Release|Any CPU.Deploy.0 = Release|Any CPU
	EndGlobalSection
	GlobalSection(SolutionProperties) = preSolution
		HideSolutionNode = FALSE
	EndGlobalSection
	GlobalSection(ExtensibilityGlobals) = postSolution
		SolutionGuid = {3D43C35D-B90A-45B1-88FF-85CE46FC3503}
	EndGlobalSection
EndGlobal
